
Microsoft Visual Studio Solution File, Format Version 12.00
# Visual Studio Version 17
VisualStudioVersion = 17.5.002.0
MinimumVisualStudioVersion = 10.0.40219.1
Project("{9A19103F-16F7-4668-BE54-9A1E7A4F7556}") = "tl2-tp1-2024-Isas321", "tl2-tp1-2024-Isas321.csproj", "{00D7DDEB-AC22-4D5C-92DC-83AC6D1E2B25}"
EndProject
Global
	GlobalSection(SolutionConfigurationPlatforms) = preSolution
		Debug|Any CPU = Debug|Any CPU
		Release|Any CPU = Release|Any CPU
	EndGlobalSection
	GlobalSection(ProjectConfigurationPlatforms) = postSolution
		{00D7DDEB-AC22-4D5C-92DC-83AC6D1E2B25}.Debug|Any CPU.ActiveCfg = Debug|Any CPU
		{00D7DDEB-AC22-4D5C-92DC-83AC6D1E2B25}.Debug|Any CPU.Build.0 = Debug|Any CPU
		{00D7DDEB-AC22-4D5C-92DC-83AC6D1E2B25}.Release|Any CPU.ActiveCfg = Release|Any CPU
		{00D7DDEB-AC22-4D5C-92DC-83AC6D1E2B25}.Release|Any CPU.Build.0 = Release|Any CPU
	EndGlobalSection
	GlobalSection(SolutionProperties) = preSolution
		HideSolutionNode = FALSE
	EndGlobalSection
	GlobalSection(ExtensibilityGlobals) = postSolution
		SolutionGuid = {08A82D64-F709-4D12-AB75-610B88165693}
	EndGlobalSection
EndGlobal
